
Microsoft Visual Studio Solution File, Format Version 12.00
# Visual Studio Version 17
VisualStudioVersion = 17.0.31912.275
MinimumVisualStudioVersion = 10.0.40219.1
Project("{F184B08F-C81C-45F6-A57F-5ABD9991F28F}") = "FBoxAPI", "FBoxAPI.vbproj", "{C32EBA01-4680-4C6E-A38E-E2685DE0322D}"
EndProject
Global
	GlobalSection(SolutionConfigurationPlatforms) = preSolution
		Debug|Any CPU = Debug|Any CPU
		Release|Any CPU = Release|Any CPU
	EndGlobalSection
	GlobalSection(ProjectConfigurationPlatforms) = postSolution
		{C32EBA01-4680-4C6E-A38E-E2685DE0322D}.Debug|Any CPU.ActiveCfg = Debug|Any CPU
		{C32EBA01-4680-4C6E-A38E-E2685DE0322D}.Debug|Any CPU.Build.0 = Debug|Any CPU
		{C32EBA01-4680-4C6E-A38E-E2685DE0322D}.Release|Any CPU.ActiveCfg = Release|Any CPU
		{C32EBA01-4680-4C6E-A38E-E2685DE0322D}.Release|Any CPU.Build.0 = Release|Any CPU
	EndGlobalSection
	GlobalSection(SolutionProperties) = preSolution
		HideSolutionNode = FALSE
	EndGlobalSection
	GlobalSection(ExtensibilityGlobals) = postSolution
		SolutionGuid = {AAA531BA-44FF-4D00-81AB-D1ED312D8175}
	EndGlobalSection
EndGlobal
